
Microsoft Visual Studio Solution File, Format Version 12.00
# Visual Studio Version 16
VisualStudioVersion = 16.0.30503.244
MinimumVisualStudioVersion = 10.0.40219.1
Project("{00D1A9C2-B5F0-4AF3-8072-F6C62B433612}") = "CRLForSQLServer", "CRLForSQLServer\CRLForSQLServer.sqlproj", "{C119273D-B044-460F-BC36-F3D8C6AE09E1}"
EndProject
Global
	GlobalSection(SolutionConfigurationPlatforms) = preSolution
		Debug|Any CPU = Debug|Any CPU
		Release|Any CPU = Release|Any CPU
	EndGlobalSection
	GlobalSection(ProjectConfigurationPlatforms) = postSolution
		{C119273D-B044-460F-BC36-F3D8C6AE09E1}.Debug|Any CPU.ActiveCfg = Debug|Any CPU
		{C119273D-B044-460F-BC36-F3D8C6AE09E1}.Debug|Any CPU.Build.0 = Debug|Any CPU
		{C119273D-B044-460F-BC36-F3D8C6AE09E1}.Debug|Any CPU.Deploy.0 = Debug|Any CPU
		{C119273D-B044-460F-BC36-F3D8C6AE09E1}.Release|Any CPU.ActiveCfg = Release|Any CPU
		{C119273D-B044-460F-BC36-F3D8C6AE09E1}.Release|Any CPU.Build.0 = Release|Any CPU
		{C119273D-B044-460F-BC36-F3D8C6AE09E1}.Release|Any CPU.Deploy.0 = Release|Any CPU
	EndGlobalSection
	GlobalSection(SolutionProperties) = preSolution
		HideSolutionNode = FALSE
	EndGlobalSection
	GlobalSection(ExtensibilityGlobals) = postSolution
		SolutionGuid = {AF7A6A8E-3C0F-4B13-9660-7AD0D3F85874}
	EndGlobalSection
EndGlobal
